
Microsoft Visual Studio Solution File, Format Version 12.00
# Visual Studio 2012
Project("{FAE04EC0-301F-11D3-BF4B-00C04F79EFBC}") = "SafariViewDemo", "SafariViewDemo.csproj", "{AE872E4B-EE4F-4D56-B4CC-35A1AAF247B8}"
EndProject
Global
	GlobalSection(SolutionConfigurationPlatforms) = preSolution
		Debug|iPhoneSimulator = Debug|iPhoneSimulator
		Release|iPhone = Release|iPhone
		Release|iPhoneSimulator = Release|iPhoneSimulator
		Debug|iPhone = Debug|iPhone
		Debug|Any CPU = Debug|Any CPU
		Release|Any CPU = Release|Any CPU
	EndGlobalSection
	GlobalSection(ProjectConfigurationPlatforms) = postSolution
		{AE872E4B-EE4F-4D56-B4CC-35A1AAF247B8}.Debug|Any CPU.ActiveCfg = Debug|iPhoneSimulator
		{AE872E4B-EE4F-4D56-B4CC-35A1AAF247B8}.Debug|Any CPU.Build.0 = Debug|iPhoneSimulator
		{AE872E4B-EE4F-4D56-B4CC-35A1AAF247B8}.Debug|iPhone.ActiveCfg = Debug|iPhone
		{AE872E4B-EE4F-4D56-B4CC-35A1AAF247B8}.Debug|iPhone.Build.0 = Debug|iPhone
		{AE872E4B-EE4F-4D56-B4CC-35A1AAF247B8}.Debug|iPhoneSimulator.ActiveCfg = Debug|iPhoneSimulator
		{AE872E4B-EE4F-4D56-B4CC-35A1AAF247B8}.Debug|iPhoneSimulator.Build.0 = Debug|iPhoneSimulator
		{AE872E4B-EE4F-4D56-B4CC-35A1AAF247B8}.Release|Any CPU.ActiveCfg = Release|iPhone
		{AE872E4B-EE4F-4D56-B4CC-35A1AAF247B8}.Release|Any CPU.Build.0 = Release|iPhone
		{AE872E4B-EE4F-4D56-B4CC-35A1AAF247B8}.Release|iPhone.ActiveCfg = Release|iPhone
		{AE872E4B-EE4F-4D56-B4CC-35A1AAF247B8}.Release|iPhone.Build.0 = Release|iPhone
		{AE872E4B-EE4F-4D56-B4CC-35A1AAF247B8}.Release|iPhoneSimulator.ActiveCfg = Release|iPhoneSimulator
		{AE872E4B-EE4F-4D56-B4CC-35A1AAF247B8}.Release|iPhoneSimulator.Build.0 = Release|iPhoneSimulator
	EndGlobalSection
EndGlobal
