
Microsoft Visual Studio Solution File, Format Version 12.00
# Visual Studio 2012
Project("{FAE04EC0-301F-11D3-BF4B-00C04F79EFBC}") = "WatchTodoApp", "WatchTodo\WatchTodoApp.csproj", "{B2B2C716-1405-4A96-8581-0599DBE607E7}"
EndProject
Project("{FAE04EC0-301F-11D3-BF4B-00C04F79EFBC}") = "WatchTodoApp.WatchKitApp", "WatchTodoApp.WatchKitApp\WatchTodoApp.WatchKitApp.csproj", "{09634775-D439-462C-9A9E-3AF7F905A599}"
EndProject
Project("{FAE04EC0-301F-11D3-BF4B-00C04F79EFBC}") = "WatchTodoApp.WatchKitExtension", "WatchTodoApp.WatchKitExtension\WatchTodoApp.WatchKitExtension.csproj", "{05D5F2EF-7530-4629-AC84-0F7A77B7FB4D}"
EndProject
Global
	GlobalSection(SolutionConfigurationPlatforms) = preSolution
		Debug|iPhoneSimulator = Debug|iPhoneSimulator
		Release|iPhoneSimulator = Release|iPhoneSimulator
		Debug|iPhone = Debug|iPhone
		Release|iPhone = Release|iPhone
		Ad-Hoc|iPhone = Ad-Hoc|iPhone
		AppStore|iPhone = AppStore|iPhone
	EndGlobalSection
	GlobalSection(ProjectConfigurationPlatforms) = postSolution
		{05D5F2EF-7530-4629-AC84-0F7A77B7FB4D}.Ad-Hoc|iPhone.ActiveCfg = Release|iPhone
		{05D5F2EF-7530-4629-AC84-0F7A77B7FB4D}.Ad-Hoc|iPhone.Build.0 = Release|iPhone
		{05D5F2EF-7530-4629-AC84-0F7A77B7FB4D}.AppStore|iPhone.ActiveCfg = Release|iPhone
		{05D5F2EF-7530-4629-AC84-0F7A77B7FB4D}.AppStore|iPhone.Build.0 = Release|iPhone
		{05D5F2EF-7530-4629-AC84-0F7A77B7FB4D}.Debug|iPhone.ActiveCfg = Debug|iPhone
		{05D5F2EF-7530-4629-AC84-0F7A77B7FB4D}.Debug|iPhone.Build.0 = Debug|iPhone
		{05D5F2EF-7530-4629-AC84-0F7A77B7FB4D}.Debug|iPhoneSimulator.ActiveCfg = Debug|iPhoneSimulator
		{05D5F2EF-7530-4629-AC84-0F7A77B7FB4D}.Debug|iPhoneSimulator.Build.0 = Debug|iPhoneSimulator
		{05D5F2EF-7530-4629-AC84-0F7A77B7FB4D}.Release|iPhone.ActiveCfg = Release|iPhone
		{05D5F2EF-7530-4629-AC84-0F7A77B7FB4D}.Release|iPhone.Build.0 = Release|iPhone
		{05D5F2EF-7530-4629-AC84-0F7A77B7FB4D}.Release|iPhoneSimulator.ActiveCfg = Release|iPhoneSimulator
		{05D5F2EF-7530-4629-AC84-0F7A77B7FB4D}.Release|iPhoneSimulator.Build.0 = Release|iPhoneSimulator
		{09634775-D439-462C-9A9E-3AF7F905A599}.Ad-Hoc|iPhone.ActiveCfg = Release|iPhone
		{09634775-D439-462C-9A9E-3AF7F905A599}.Ad-Hoc|iPhone.Build.0 = Release|iPhone
		{09634775-D439-462C-9A9E-3AF7F905A599}.AppStore|iPhone.ActiveCfg = Release|iPhone
		{09634775-D439-462C-9A9E-3AF7F905A599}.AppStore|iPhone.Build.0 = Release|iPhone
		{09634775-D439-462C-9A9E-3AF7F905A599}.Debug|iPhone.ActiveCfg = Debug|iPhone
		{09634775-D439-462C-9A9E-3AF7F905A599}.Debug|iPhone.Build.0 = Debug|iPhone
		{09634775-D439-462C-9A9E-3AF7F905A599}.Debug|iPhoneSimulator.ActiveCfg = Debug|iPhoneSimulator
		{09634775-D439-462C-9A9E-3AF7F905A599}.Debug|iPhoneSimulator.Build.0 = Debug|iPhoneSimulator
		{09634775-D439-462C-9A9E-3AF7F905A599}.Release|iPhone.ActiveCfg = Release|iPhone
		{09634775-D439-462C-9A9E-3AF7F905A599}.Release|iPhone.Build.0 = Release|iPhone
		{09634775-D439-462C-9A9E-3AF7F905A599}.Release|iPhoneSimulator.ActiveCfg = Release|iPhoneSimulator
		{09634775-D439-462C-9A9E-3AF7F905A599}.Release|iPhoneSimulator.Build.0 = Release|iPhoneSimulator
		{B2B2C716-1405-4A96-8581-0599DBE607E7}.Ad-Hoc|iPhone.ActiveCfg = Ad-Hoc|iPhone
		{B2B2C716-1405-4A96-8581-0599DBE607E7}.Ad-Hoc|iPhone.Build.0 = Ad-Hoc|iPhone
		{B2B2C716-1405-4A96-8581-0599DBE607E7}.AppStore|iPhone.ActiveCfg = AppStore|iPhone
		{B2B2C716-1405-4A96-8581-0599DBE607E7}.AppStore|iPhone.Build.0 = AppStore|iPhone
		{B2B2C716-1405-4A96-8581-0599DBE607E7}.Debug|iPhone.ActiveCfg = Debug|iPhone
		{B2B2C716-1405-4A96-8581-0599DBE607E7}.Debug|iPhone.Build.0 = Debug|iPhone
		{B2B2C716-1405-4A96-8581-0599DBE607E7}.Debug|iPhoneSimulator.ActiveCfg = Debug|iPhoneSimulator
		{B2B2C716-1405-4A96-8581-0599DBE607E7}.Debug|iPhoneSimulator.Build.0 = Debug|iPhoneSimulator
		{B2B2C716-1405-4A96-8581-0599DBE607E7}.Release|iPhone.ActiveCfg = Release|iPhone
		{B2B2C716-1405-4A96-8581-0599DBE607E7}.Release|iPhone.Build.0 = Release|iPhone
		{B2B2C716-1405-4A96-8581-0599DBE607E7}.Release|iPhoneSimulator.ActiveCfg = Release|iPhoneSimulator
		{B2B2C716-1405-4A96-8581-0599DBE607E7}.Release|iPhoneSimulator.Build.0 = Release|iPhoneSimulator
	EndGlobalSection
EndGlobal
